// !$*UTF8*$!
{
	archiveVersion = 1;
	classes = {
	};
	objectVersion = 50;
	objects = {

/* Begin PBXBuildFile section */
		32C1D0206C9E823B774F4E91 /* Pods_iOSDemoTests.framework in Frameworks */ = {isa = PBXBuildFile; fileRef = 5044BC631B3569FCECA1B90E /* Pods_iOSDemoTests.framework */; };
		32EFC22823CEB1720075A55C /* AppDelegate.m in Sources */ = {isa = PBXBuildFile; fileRef = 32EFC22723CEB1720075A55C /* AppDelegate.m */; };
		32EFC22E23CEB1720075A55C /* ViewController.m in Sources */ = {isa = PBXBuildFile; fileRef = 32EFC22D23CEB1720075A55C /* ViewController.m */; };
		32EFC23123CEB1720075A55C /* Main.storyboard in Resources */ = {isa = PBXBuildFile; fileRef = 32EFC22F23CEB1720075A55C /* Main.storyboard */; };
		32EFC23323CEB1740075A55C /* Assets.xcassets in Resources */ = {isa = PBXBuildFile; fileRef = 32EFC23223CEB1740075A55C /* Assets.xcassets */; };
		32EFC23623CEB1740075A55C /* LaunchScreen.storyboard in Resources */ = {isa = PBXBuildFile; fileRef = 32EFC23423CEB1740075A55C /* LaunchScreen.storyboard */; };
		32EFC23923CEB1740075A55C /* main.m in Sources */ = {isa = PBXBuildFile; fileRef = 32EFC23823CEB1740075A55C /* main.m */; };
		32EFC24323CEB1740075A55C /* iOSDemoTests.m in Sources */ = {isa = PBXBuildFile; fileRef = 32EFC24223CEB1740075A55C /* iOSDemoTests.m */; };
		32EFC24E23CEB1740075A55C /* iOSDemoUITests.m in Sources */ = {isa = PBXBuildFile; fileRef = 32EFC24D23CEB1740075A55C /* iOSDemoUITests.m */; };
		43EA4F6506BAC5F3A50567C0 /* Pods_iOSDemo.framework in Frameworks */ = {isa = PBXBuildFile; fileRef = 2A345B7C2B9D960228F074F8 /* Pods_iOSDemo.framework */; };
		64F9553B63333C49E9193E2F /* Pods_iOSDemo_iOSDemoUITests.framework in Frameworks */ = {isa = PBXBuildFile; fileRef = 2B695F4A71C03DD0BD535F56 /* Pods_iOSDemo_iOSDemoUITests.framework */; };
/* End PBXBuildFile section */

/* Begin PBXContainerItemProxy section */
		32EFC23F23CEB1740075A55C /* PBXContainerItemProxy */ = {
			isa = PBXContainerItemProxy;
			containerPortal = 32EFC21B23CEB1710075A55C /* Project object */;
			proxyType = 1;
			remoteGlobalIDString = 32EFC22223CEB1720075A55C;
			remoteInfo = iOSDemo;
		};
		32EFC24A23CEB1740075A55C /* PBXContainerItemProxy */ = {
			isa = PBXContainerItemProxy;
			containerPortal = 32EFC21B23CEB1710075A55C /* Project object */;
			proxyType = 1;
			remoteGlobalIDString = 32EFC22223CEB1720075A55C;
			remoteInfo = iOSDemo;
		};
/* End PBXContainerItemProxy section */

/* Begin PBXFileReference section */
		13D3AB9AE0389F77D1E99BC0 /* Pods-iOSDemo-iOSDemoUITests.debug.xcconfig */ = {isa = PBXFileReference; includeInIndex = 1; lastKnownFileType = text.xcconfig; name = "Pods-iOSDemo-iOSDemoUITests.debug.xcconfig"; path = "Target Support Files/Pods-iOSDemo-iOSDemoUITests/Pods-iOSDemo-iOSDemoUITests.debug.xcconfig"; sourceTree = "<group>"; };
		1E888215D692220EE3790A9A /* Pods-iOSDemo-iOSDemoUITests.release.xcconfig */ = {isa = PBXFileReference; includeInIndex = 1; lastKnownFileType = text.xcconfig; name = "Pods-iOSDemo-iOSDemoUITests.release.xcconfig"; path = "Target Support Files/Pods-iOSDemo-iOSDemoUITests/Pods-iOSDemo-iOSDemoUITests.release.xcconfig"; sourceTree = "<group>"; };
		2A345B7C2B9D960228F074F8 /* Pods_iOSDemo.framework */ = {isa = PBXFileReference; explicitFileType = wrapper.framework; includeInIndex = 0; path = Pods_iOSDemo.framework; sourceTree = BUILT_PRODUCTS_DIR; };
		2B695F4A71C03DD0BD535F56 /* Pods_iOSDemo_iOSDemoUITests.framework */ = {isa = PBXFileReference; explicitFileType = wrapper.framework; includeInIndex = 0; path = Pods_iOSDemo_iOSDemoUITests.framework; sourceTree = BUILT_PRODUCTS_DIR; };
		32EFC22323CEB1720075A55C /* iOSDemo.app */ = {isa = PBXFileReference; explicitFileType = wrapper.application; includeInIndex = 0; path = iOSDemo.app; sourceTree = BUILT_PRODUCTS_DIR; };
		32EFC22623CEB1720075A55C /* AppDelegate.h */ = {isa = PBXFileReference; lastKnownFileType = sourcecode.c.h; path = AppDelegate.h; sourceTree = "<group>"; };
		32EFC22723CEB1720075A55C /* AppDelegate.m */ = {isa = PBXFileReference; lastKnownFileType = sourcecode.c.objc; path = AppDelegate.m; sourceTree = "<group>"; };
		32EFC22C23CEB1720075A55C /* ViewController.h */ = {isa = PBXFileReference; lastKnownFileType = sourcecode.c.h; path = ViewController.h; sourceTree = "<group>"; };
		32EFC22D23CEB1720075A55C /* ViewController.m */ = {isa = PBXFileReference; lastKnownFileType = sourcecode.c.objc; path = ViewController.m; sourceTree = "<group>"; };
		32EFC23023CEB1720075A55C /* Base */ = {isa = PBXFileReference; lastKnownFileType = file.storyboard; name = Base; path = Base.lproj/Main.storyboard; sourceTree = "<group>"; };
		32EFC23223CEB1740075A55C /* Assets.xcassets */ = {isa = PBXFileReference; lastKnownFileType = folder.assetcatalog; path = Assets.xcassets; sourceTree = "<group>"; };
		32EFC23523CEB1740075A55C /* Base */ = {isa = PBXFileReference; lastKnownFileType = file.storyboard; name = Base; path = Base.lproj/LaunchScreen.storyboard; sourceTree = "<group>"; };
		32EFC23723CEB1740075A55C /* Info.plist */ = {isa = PBXFileReference; lastKnownFileType = text.plist.xml; path = Info.plist; sourceTree = "<group>"; };
		32EFC23823CEB1740075A55C /* main.m */ = {isa = PBXFileReference; lastKnownFileType = sourcecode.c.objc; path = main.m; sourceTree = "<group>"; };
		32EFC23E23CEB1740075A55C /* iOSDemoTests.xctest */ = {isa = PBXFileReference; explicitFileType = wrapper.cfbundle; includeInIndex = 0; path = iOSDemoTests.xctest; sourceTree = BUILT_PRODUCTS_DIR; };
		32EFC24223CEB1740075A55C /* iOSDemoTests.m */ = {isa = PBXFileReference; lastKnownFileType = sourcecode.c.objc; path = iOSDemoTests.m; sourceTree = "<group>"; };
		32EFC24423CEB1740075A55C /* Info.plist */ = {isa = PBXFileReference; lastKnownFileType = text.plist.xml; path = Info.plist; sourceTree = "<group>"; };
		32EFC24923CEB1740075A55C /* iOSDemoUITests.xctest */ = {isa = PBXFileReference; explicitFileType = wrapper.cfbundle; includeInIndex = 0; path = iOSDemoUITests.xctest; sourceTree = BUILT_PRODUCTS_DIR; };
		32EFC24D23CEB1740075A55C /* iOSDemoUITests.m */ = {isa = PBXFileReference; lastKnownFileType = sourcecode.c.objc; path = iOSDemoUITests.m; sourceTree = "<group>"; };
		32EFC24F23CEB1740075A55C /* Info.plist */ = {isa = PBXFileReference; lastKnownFileType = text.plist.xml; path = Info.plist; sourceTree = "<group>"; };
		5044BC631B3569FCECA1B90E /* Pods_iOSDemoTests.framework */ = {isa = PBXFileReference; explicitFileType = wrapper.framework; includeInIndex = 0; path = Pods_iOSDemoTests.framework; sourceTree = BUILT_PRODUCTS_DIR; };
		8CADF3C011BF319F9FE2E035 /* Pods-iOSDemoTests.debug.xcconfig */ = {isa = PBXFileReference; includeInIndex = 1; lastKnownFileType = text.xcconfig; name = "Pods-iOSDemoTests.debug.xcconfig"; path = "Target Support Files/Pods-iOSDemoTests/Pods-iOSDemoTests.debug.xcconfig"; sourceTree = "<group>"; };
		98DA8958AD4753DDE508A2D7 /* Pods-iOSDemo.release.xcconfig */ = {isa = PBXFileReference; includeInIndex = 1; lastKnownFileType = text.xcconfig; name = "Pods-iOSDemo.release.xcconfig"; path = "Target Support Files/Pods-iOSDemo/Pods-iOSDemo.release.xcconfig"; sourceTree = "<group>"; };
		C73E51AD866369EE754F8777 /* Pods-iOSDemoTests.release.xcconfig */ = {isa = PBXFileReference; includeInIndex = 1; lastKnownFileType = text.xcconfig; name = "Pods-iOSDemoTests.release.xcconfig"; path = "Target Support Files/Pods-iOSDemoTests/Pods-iOSDemoTests.release.xcconfig"; sourceTree = "<group>"; };
		FD868C2F60C4524E50AB44C8 /* Pods-iOSDemo.debug.xcconfig */ = {isa = PBXFileReference; includeInIndex = 1; lastKnownFileType = text.xcconfig; name = "Pods-iOSDemo.debug.xcconfig"; path = "Target Support Files/Pods-iOSDemo/Pods-iOSDemo.debug.xcconfig"; sourceTree = "<group>"; };
/* End PBXFileReference section */

/* Begin PBXFrameworksBuildPhase section */
		32EFC22023CEB1720075A55C /* Frameworks */ = {
			isa = PBXFrameworksBuildPhase;
			buildActionMask = 2147483647;
			files = (
				43EA4F6506BAC5F3A50567C0 /* Pods_iOSDemo.framework in Frameworks */,
			);
			runOnlyForDeploymentPostprocessing = 0;
		};
		32EFC23B23CEB1740075A55C /* Frameworks */ = {
			isa = PBXFrameworksBuildPhase;
			buildActionMask = 2147483647;
			files = (
				32C1D0206C9E823B774F4E91 /* Pods_iOSDemoTests.framework in Frameworks */,
			);
			runOnlyForDeploymentPostprocessing = 0;
		};
		32EFC24623CEB1740075A55C /* Frameworks */ = {
			isa = PBXFrameworksBuildPhase;
			buildActionMask = 2147483647;
			files = (
				64F9553B63333C49E9193E2F /* Pods_iOSDemo_iOSDemoUITests.framework in Frameworks */,
			);
			runOnlyForDeploymentPostprocessing = 0;
		};
/* End PBXFrameworksBuildPhase section */

/* Begin PBXGroup section */
		32EFC21A23CEB1710075A55C = {
			isa = PBXGroup;
			children = (
				32EFC22523CEB1720075A55C /* iOSDemo */,
				32EFC24123CEB1740075A55C /* iOSDemoTests */,
				32EFC24C23CEB1740075A55C /* iOSDemoUITests */,
				32EFC22423CEB1720075A55C /* Products */,
				55992873261308F7DF447F27 /* Pods */,
				4759825511F2307E2821AA33 /* Frameworks */,
			);
			sourceTree = "<group>";
		};
		32EFC22423CEB1720075A55C /* Products */ = {
			isa = PBXGroup;
			children = (
				32EFC22323CEB1720075A55C /* iOSDemo.app */,
				32EFC23E23CEB1740075A55C /* iOSDemoTests.xctest */,
				32EFC24923CEB1740075A55C /* iOSDemoUITests.xctest */,
			);
			name = Products;
			sourceTree = "<group>";
		};
		32EFC22523CEB1720075A55C /* iOSDemo */ = {
			isa = PBXGroup;
			children = (
				32EFC22623CEB1720075A55C /* AppDelegate.h */,
				32EFC22723CEB1720075A55C /* AppDelegate.m */,
				32EFC22C23CEB1720075A55C /* ViewController.h */,
				32EFC22D23CEB1720075A55C /* ViewController.m */,
				32EFC22F23CEB1720075A55C /* Main.storyboard */,
				32EFC23223CEB1740075A55C /* Assets.xcassets */,
				32EFC23423CEB1740075A55C /* LaunchScreen.storyboard */,
				32EFC23723CEB1740075A55C /* Info.plist */,
				32EFC23823CEB1740075A55C /* main.m */,
			);
			path = iOSDemo;
			sourceTree = "<group>";
		};
		32EFC24123CEB1740075A55C /* iOSDemoTests */ = {
			isa = PBXGroup;
			children = (
				32EFC24223CEB1740075A55C /* iOSDemoTests.m */,
				32EFC24423CEB1740075A55C /* Info.plist */,
			);
			path = iOSDemoTests;
			sourceTree = "<group>";
		};
		32EFC24C23CEB1740075A55C /* iOSDemoUITests */ = {
			isa = PBXGroup;
			children = (
				32EFC24D23CEB1740075A55C /* iOSDemoUITests.m */,
				32EFC24F23CEB1740075A55C /* Info.plist */,
			);
			path = iOSDemoUITests;
			sourceTree = "<group>";
		};
		4759825511F2307E2821AA33 /* Frameworks */ = {
			isa = PBXGroup;
			children = (
				2A345B7C2B9D960228F074F8 /* Pods_iOSDemo.framework */,
				2B695F4A71C03DD0BD535F56 /* Pods_iOSDemo_iOSDemoUITests.framework */,
				5044BC631B3569FCECA1B90E /* Pods_iOSDemoTests.framework */,
			);
			name = Frameworks;
			sourceTree = "<group>";
		};
		55992873261308F7DF447F27 /* Pods */ = {
			isa = PBXGroup;
			children = (
				FD868C2F60C4524E50AB44C8 /* Pods-iOSDemo.debug.xcconfig */,
				98DA8958AD4753DDE508A2D7 /* Pods-iOSDemo.release.xcconfig */,
				13D3AB9AE0389F77D1E99BC0 /* Pods-iOSDemo-iOSDemoUITests.debug.xcconfig */,
				1E888215D692220EE3790A9A /* Pods-iOSDemo-iOSDemoUITests.release.xcconfig */,
				8CADF3C011BF319F9FE2E035 /* Pods-iOSDemoTests.debug.xcconfig */,
				C73E51AD866369EE754F8777 /* Pods-iOSDemoTests.release.xcconfig */,
			);
			path = Pods;
			sourceTree = "<group>";
		};
/* End PBXGroup section */

/* Begin PBXNativeTarget section */
		32EFC22223CEB1720075A55C /* iOSDemo */ = {
			isa = PBXNativeTarget;
			buildConfigurationList = 32EFC25223CEB1740075A55C /* Build configuration list for PBXNativeTarget "iOSDemo" */;
			buildPhases = (
				B6A8C8ECE473FE55F8206673 /* [CP] Check Pods Manifest.lock */,
				32EFC21F23CEB1720075A55C /* Sources */,
				32EFC22023CEB1720075A55C /* Frameworks */,
				32EFC22123CEB1720075A55C /* Resources */,
			);
			buildRules = (
			);
			dependencies = (
			);
			name = iOSDemo;
			productName = iOSDemo;
			productReference = 32EFC22323CEB1720075A55C /* iOSDemo.app */;
			productType = "com.apple.product-type.application";
		};
		32EFC23D23CEB1740075A55C /* iOSDemoTests */ = {
			isa = PBXNativeTarget;
			buildConfigurationList = 32EFC25523CEB1740075A55C /* Build configuration list for PBXNativeTarget "iOSDemoTests" */;
			buildPhases = (
				128133D9DFD1241FA5FB7414 /* [CP] Check Pods Manifest.lock */,
				32EFC23A23CEB1740075A55C /* Sources */,
				32EFC23B23CEB1740075A55C /* Frameworks */,
				32EFC23C23CEB1740075A55C /* Resources */,
			);
			buildRules = (
			);
			dependencies = (
				32EFC24023CEB1740075A55C /* PBXTargetDependency */,
			);
			name = iOSDemoTests;
			productName = iOSDemoTests;
			productReference = 32EFC23E23CEB1740075A55C /* iOSDemoTests.xctest */;
			productType = "com.apple.product-type.bundle.unit-test";
		};
		32EFC24823CEB1740075A55C /* iOSDemoUITests */ = {
			isa = PBXNativeTarget;
			buildConfigurationList = 32EFC25823CEB1740075A55C /* Build configuration list for PBXNativeTarget "iOSDemoUITests" */;
			buildPhases = (
				B984E912F3C67095BCBCD91D /* [CP] Check Pods Manifest.lock */,
				32EFC24523CEB1740075A55C /* Sources */,
				32EFC24623CEB1740075A55C /* Frameworks */,
				32EFC24723CEB1740075A55C /* Resources */,
			);
			buildRules = (
			);
			dependencies = (
				32EFC24B23CEB1740075A55C /* PBXTargetDependency */,
			);
			name = iOSDemoUITests;
			productName = iOSDemoUITests;
			productReference = 32EFC24923CEB1740075A55C /* iOSDemoUITests.xctest */;
			productType = "com.apple.product-type.bundle.ui-testing";
		};
/* End PBXNativeTarget section */

/* Begin PBXProject section */
		32EFC21B23CEB1710075A55C /* Project object */ = {
			isa = PBXProject;
			attributes = {
				LastUpgradeCheck = 1130;
				ORGANIZATIONNAME = kumapower;
				TargetAttributes = {
					32EFC22223CEB1720075A55C = {
						CreatedOnToolsVersion = 11.3.1;
					};
					32EFC23D23CEB1740075A55C = {
						CreatedOnToolsVersion = 11.3.1;
						TestTargetID = 32EFC22223CEB1720075A55C;
					};
					32EFC24823CEB1740075A55C = {
						CreatedOnToolsVersion = 11.3.1;
						TestTargetID = 32EFC22223CEB1720075A55C;
					};
				};
			};
			buildConfigurationList = 32EFC21E23CEB1710075A55C /* Build configuration list for PBXProject "iOSDemo" */;
			compatibilityVersion = "Xcode 9.3";
			developmentRegion = en;
			hasScannedForEncodings = 0;
			knownRegions = (
				en,
				Base,
			);
			mainGroup = 32EFC21A23CEB1710075A55C;
			productRefGroup = 32EFC22423CEB1720075A55C /* Products */;
			projectDirPath = "";
			projectRoot = "";
			targets = (
				32EFC22223CEB1720075A55C /* iOSDemo */,
				32EFC23D23CEB1740075A55C /* iOSDemoTests */,
				32EFC24823CEB1740075A55C /* iOSDemoUITests */,
			);
		};
/* End PBXProject section */

/* Begin PBXResourcesBuildPhase section */
		32EFC22123CEB1720075A55C /* Resources */ = {
			isa = PBXResourcesBuildPhase;
			buildActionMask = 2147483647;
			files = (
				32EFC23623CEB1740075A55C /* LaunchScreen.storyboard in Resources */,
				32EFC23323CEB1740075A55C /* Assets.xcassets in Resources */,
				32EFC23123CEB1720075A55C /* Main.storyboard in Resources */,
			);
			runOnlyForDeploymentPostprocessing = 0;
		};
		32EFC23C23CEB1740075A55C /* Resources */ = {
			isa = PBXResourcesBuildPhase;
			buildActionMask = 2147483647;
			files = (
			);
			runOnlyForDeploymentPostprocessing = 0;
		};
		32EFC24723CEB1740075A55C /* Resources */ = {
			isa = PBXResourcesBuildPhase;
			buildActionMask = 2147483647;
			files = (
			);
			runOnlyForDeploymentPostprocessing = 0;
		};
/* End PBXResourcesBuildPhase section */

/* Begin PBXShellScriptBuildPhase section */
		128133D9DFD1241FA5FB7414 /* [CP] Check Pods Manifest.lock */ = {
			isa = PBXShellScriptBuildPhase;
			buildActionMask = 2147483647;
			files = (
			);
			inputFileListPaths = (
			);
			inputPaths = (
				"${PODS_PODFILE_DIR_PATH}/Podfile.lock",
				"${PODS_ROOT}/Manifest.lock",
			);
			name = "[CP] Check Pods Manifest.lock";
			outputFileListPaths = (
			);
			outputPaths = (
				"$(DERIVED_FILE_DIR)/Pods-iOSDemoTests-checkManifestLockResult.txt",
			);
			runOnlyForDeploymentPostprocessing = 0;
			shellPath = /bin/sh;
			shellScript = "diff \"${PODS_PODFILE_DIR_PATH}/Podfile.lock\" \"${PODS_ROOT}/Manifest.lock\" > /dev/null\nif [ $? != 0 ] ; then\n    # print error to STDERR\n    echo \"error: The sandbox is not in sync with the Podfile.lock. Run 'pod install' or update your CocoaPods installation.\" >&2\n    exit 1\nfi\n# This output is used by Xcode 'outputs' to avoid re-running this script phase.\necho \"SUCCESS\" > \"${SCRIPT_OUTPUT_FILE_0}\"\n";
			showEnvVarsInLog = 0;
		};
		B6A8C8ECE473FE55F8206673 /* [CP] Check Pods Manifest.lock */ = {
			isa = PBXShellScriptBuildPhase;
			buildActionMask = 2147483647;
			files = (
			);
			inputFileListPaths = (
			);
			inputPaths = (
				"${PODS_PODFILE_DIR_PATH}/Podfile.lock",
				"${PODS_ROOT}/Manifest.lock",
			);
			name = "[CP] Check Pods Manifest.lock";
			outputFileListPaths = (
			);
			outputPaths = (
				"$(DERIVED_FILE_DIR)/Pods-iOSDemo-checkManifestLockResult.txt",
			);
			runOnlyForDeploymentPostprocessing = 0;
			shellPath = /bin/sh;
			shellScript = "diff \"${PODS_PODFILE_DIR_PATH}/Podfile.lock\" \"${PODS_ROOT}/Manifest.lock\" > /dev/null\nif [ $? != 0 ] ; then\n    # print error to STDERR\n    echo \"error: The sandbox is not in sync with the Podfile.lock. Run 'pod install' or update your CocoaPods installation.\" >&2\n    exit 1\nfi\n# This output is used by Xcode 'outputs' to avoid re-running this script phase.\necho \"SUCCESS\" > \"${SCRIPT_OUTPUT_FILE_0}\"\n";
			showEnvVarsInLog = 0;
		};
		B984E912F3C67095BCBCD91D /* [CP] Check Pods Manifest.lock */ = {
			isa = PBXShellScriptBuildPhase;
			buildActionMask = 2147483647;
			files = (
			);
			inputFileListPaths = (
			);
			inputPaths = (
				"${PODS_PODFILE_DIR_PATH}/Podfile.lock",
				"${PODS_ROOT}/Manifest.lock",
			);
			name = "[CP] Check Pods Manifest.lock";
			outputFileListPaths = (
			);
			outputPaths = (
				"$(DERIVED_FILE_DIR)/Pods-iOSDemo-iOSDemoUITests-checkManifestLockResult.txt",
			);
			runOnlyForDeploymentPostprocessing = 0;
			shellPath = /bin/sh;
			shellScript = "diff \"${PODS_PODFILE_DIR_PATH}/Podfile.lock\" \"${PODS_ROOT}/Manifest.lock\" > /dev/null\nif [ $? != 0 ] ; then\n    # print error to STDERR\n    echo \"error: The sandbox is not in sync with the Podfile.lock. Run 'pod install' or update your CocoaPods installation.\" >&2\n    exit 1\nfi\n# This output is used by Xcode 'outputs' to avoid re-running this script phase.\necho \"SUCCESS\" > \"${SCRIPT_OUTPUT_FILE_0}\"\n";
			showEnvVarsInLog = 0;
		};
/* End PBXShellScriptBuildPhase section */

/* Begin PBXSourcesBuildPhase section */
		32EFC21F23CEB1720075A55C /* Sources */ = {
			isa = PBXSourcesBuildPhase;
			buildActionMask = 2147483647;
			files = (
				32EFC22E23CEB1720075A55C /* ViewController.m in Sources */,
				32EFC22823CEB1720075A55C /* AppDelegate.m in Sources */,
				32EFC23923CEB1740075A55C /* main.m in Sources */,
			);
			runOnlyForDeploymentPostprocessing = 0;
		};
		32EFC23A23CEB1740075A55C /* Sources */ = {
			isa = PBXSourcesBuildPhase;
			buildActionMask = 2147483647;
			files = (
				32EFC24323CEB1740075A55C /* iOSDemoTests.m in Sources */,
			);
			runOnlyForDeploymentPostprocessing = 0;
		};
		32EFC24523CEB1740075A55C /* Sources */ = {
			isa = PBXSourcesBuildPhase;
			buildActionMask = 2147483647;
			files = (
				32EFC24E23CEB1740075A55C /* iOSDemoUITests.m in Sources */,
			);
			runOnlyForDeploymentPostprocessing = 0;
		};
/* End PBXSourcesBuildPhase section */

/* Begin PBXTargetDependency section */
		32EFC24023CEB1740075A55C /* PBXTargetDependency */ = {
			isa = PBXTargetDependency;
			target = 32EFC22223CEB1720075A55C /* iOSDemo */;
			targetProxy = 32EFC23F23CEB1740075A55C /* PBXContainerItemProxy */;
		};
		32EFC24B23CEB1740075A55C /* PBXTargetDependency */ = {
			isa = PBXTargetDependency;
			target = 32EFC22223CEB1720075A55C /* iOSDemo */;
			targetProxy = 32EFC24A23CEB1740075A55C /* PBXContainerItemProxy */;
		};
/* End PBXTargetDependency section */

/* Begin PBXVariantGroup section */
		32EFC22F23CEB1720075A55C /* Main.storyboard */ = {
			isa = PBXVariantGroup;
			children = (
				32EFC23023CEB1720075A55C /* Base */,
			);
			name = Main.storyboard;
			sourceTree = "<group>";
		};
		32EFC23423CEB1740075A55C /* LaunchScreen.storyboard */ = {
			isa = PBXVariantGroup;
			children = (
				32EFC23523CEB1740075A55C /* Base */,
			);
			name = LaunchScreen.storyboard;
			sourceTree = "<group>";
		};
/* End PBXVariantGroup section */

/* Begin XCBuildConfiguration section */
		32EFC25023CEB1740075A55C /* Debug */ = {
			isa = XCBuildConfiguration;
			buildSettings = {
				ALWAYS_SEARCH_USER_PATHS = NO;
				CLANG_ANALYZER_NONNULL = YES;
				CLANG_ANALYZER_NUMBER_OBJECT_CONVERSION = YES_AGGRESSIVE;
				CLANG_CXX_LANGUAGE_STANDARD = "gnu++14";
				CLANG_CXX_LIBRARY = "libc++";
				CLANG_ENABLE_MODULES = YES;
				CLANG_ENABLE_OBJC_ARC = YES;
				CLANG_ENABLE_OBJC_WEAK = YES;
				CLANG_WARN_BLOCK_CAPTURE_AUTORELEASING = YES;
				CLANG_WARN_BOOL_CONVERSION = YES;
				CLANG_WARN_COMMA = YES;
				CLANG_WARN_CONSTANT_CONVERSION = YES;
				CLANG_WARN_DEPRECATED_OBJC_IMPLEMENTATIONS = YES;
				CLANG_WARN_DIRECT_OBJC_ISA_USAGE = YES_ERROR;
				CLANG_WARN_DOCUMENTATION_COMMENTS = YES;
				CLANG_WARN_EMPTY_BODY = YES;
				CLANG_WARN_ENUM_CONVERSION = YES;
				CLANG_WARN_INFINITE_RECURSION = YES;
				CLANG_WARN_INT_CONVERSION = YES;
				CLANG_WARN_NON_LITERAL_NULL_CONVERSION = YES;
				CLANG_WARN_OBJC_IMPLICIT_RETAIN_SELF = YES;
				CLANG_WARN_OBJC_LITERAL_CONVERSION = YES;
				CLANG_WARN_OBJC_ROOT_CLASS = YES_ERROR;
				CLANG_WARN_RANGE_LOOP_ANALYSIS = YES;
				CLANG_WARN_STRICT_PROTOTYPES = YES;
				CLANG_WARN_SUSPICIOUS_MOVE = YES;
				CLANG_WARN_UNGUARDED_AVAILABILITY = YES_AGGRESSIVE;
				CLANG_WARN_UNREACHABLE_CODE = YES;
				CLANG_WARN__DUPLICATE_METHOD_MATCH = YES;
				COPY_PHASE_STRIP = NO;
				DEBUG_INFORMATION_FORMAT = dwarf;
				ENABLE_STRICT_OBJC_MSGSEND = YES;
				ENABLE_TESTABILITY = YES;
				GCC_C_LANGUAGE_STANDARD = gnu11;
				GCC_DYNAMIC_NO_PIC = NO;
				GCC_NO_COMMON_BLOCKS = YES;
				GCC_OPTIMIZATION_LEVEL = 0;
				GCC_PREPROCESSOR_DEFINITIONS = (
					"DEBUG=1",
					"$(inherited)",
				);
				GCC_WARN_64_TO_32_BIT_CONVERSION = YES;
				GCC_WARN_ABOUT_RETURN_TYPE = YES_ERROR;
				GCC_WARN_UNDECLARED_SELECTOR = YES;
				GCC_WARN_UNINITIALIZED_AUTOS = YES_AGGRESSIVE;
				GCC_WARN_UNUSED_FUNCTION = YES;
				GCC_WARN_UNUSED_VARIABLE = YES;
				IPHONEOS_DEPLOYMENT_TARGET = 9.0;
				MTL_ENABLE_DEBUG_INFO = INCLUDE_SOURCE;
				MTL_FAST_MATH = YES;
				ONLY_ACTIVE_ARCH = YES;
				SDKROOT = iphoneos;
			};
			name = Debug;
		};
		32EFC25123CEB1740075A55C /* Release */ = {
			isa = XCBuildConfiguration;
			buildSettings = {
				ALWAYS_SEARCH_USER_PATHS = NO;
				CLANG_ANALYZER_NONNULL = YES;
				CLANG_ANALYZER_NUMBER_OBJECT_CONVERSION = YES_AGGRESSIVE;
				CLANG_CXX_LANGUAGE_STANDARD = "gnu++14";
				CLANG_CXX_LIBRARY = "libc++";
				CLANG_ENABLE_MODULES = YES;
				CLANG_ENABLE_OBJC_ARC = YES;
				CLANG_ENABLE_OBJC_WEAK = YES;
				CLANG_WARN_BLOCK_CAPTURE_AUTORELEASING = YES;
				CLANG_WARN_BOOL_CONVERSION = YES;
				CLANG_WARN_COMMA = YES;
				CLANG_WARN_CONSTANT_CONVERSION = YES;
				CLANG_WARN_DEPRECATED_OBJC_IMPLEMENTATIONS = YES;
				CLANG_WARN_DIRECT_OBJC_ISA_USAGE = YES_ERROR;
				CLANG_WARN_DOCUMENTATION_COMMENTS = YES;
				CLANG_WARN_EMPTY_BODY = YES;
				CLANG_WARN_ENUM_CONVERSION = YES;
				CLANG_WARN_INFINITE_RECURSION = YES;
				CLANG_WARN_INT_CONVERSION = YES;
				CLANG_WARN_NON_LITERAL_NULL_CONVERSION = YES;
				CLANG_WARN_OBJC_IMPLICIT_RETAIN_SELF = YES;
				CLANG_WARN_OBJC_LITERAL_CONVERSION = YES;
				CLANG_WARN_OBJC_ROOT_CLASS = YES_ERROR;
				CLANG_WARN_RANGE_LOOP_ANALYSIS = YES;
				CLANG_WARN_STRICT_PROTOTYPES = YES;
				CLANG_WARN_SUSPICIOUS_MOVE = YES;
				CLANG_WARN_UNGUARDED_AVAILABILITY = YES_AGGRESSIVE;
				CLANG_WARN_UNREACHABLE_CODE = YES;
				CLANG_WARN__DUPLICATE_METHOD_MATCH = YES;
				COPY_PHASE_STRIP = NO;
				DEBUG_INFORMATION_FORMAT = "dwarf-with-dsym";
				ENABLE_NS_ASSERTIONS = NO;
				ENABLE_STRICT_OBJC_MSGSEND = YES;
				GCC_C_LANGUAGE_STANDARD = gnu11;
				GCC_NO_COMMON_BLOCKS = YES;
				GCC_WARN_64_TO_32_BIT_CONVERSION = YES;
				GCC_WARN_ABOUT_RETURN_TYPE = YES_ERROR;
				GCC_WARN_UNDECLARED_SELECTOR = YES;
				GCC_WARN_UNINITIALIZED_AUTOS = YES_AGGRESSIVE;
				GCC_WARN_UNUSED_FUNCTION = YES;
				GCC_WARN_UNUSED_VARIABLE = YES;
				IPHONEOS_DEPLOYMENT_TARGET = 9.0;
				MTL_ENABLE_DEBUG_INFO = NO;
				MTL_FAST_MATH = YES;
				SDKROOT = iphoneos;
				VALIDATE_PRODUCT = YES;
			};
			name = Release;
		};
		32EFC25323CEB1740075A55C /* Debug */ = {
			isa = XCBuildConfiguration;
			baseConfigurationReference = FD868C2F60C4524E50AB44C8 /* Pods-iOSDemo.debug.xcconfig */;
			buildSettings = {
				ASSETCATALOG_COMPILER_APPICON_NAME = AppIcon;
				CODE_SIGN_STYLE = Automatic;
				DEVELOPMENT_TEAM = FB738WNHPF;
				INFOPLIST_FILE = iOSDemo/Info.plist;
				LD_RUNPATH_SEARCH_PATHS = (
					"$(inherited)",
					"@executable_path/Frameworks",
				);
				PRODUCT_BUNDLE_IDENTIFIER = com.kumapower.iOSDemo;
				PRODUCT_NAME = "$(TARGET_NAME)";
				TARGETED_DEVICE_FAMILY = "1,2";
			};
			name = Debug;
		};
		32EFC25423CEB1740075A55C /* Release */ = {
			isa = XCBuildConfiguration;
			baseConfigurationReference = 98DA8958AD4753DDE508A2D7 /* Pods-iOSDemo.release.xcconfig */;
			buildSettings = {
				ASSETCATALOG_COMPILER_APPICON_NAME = AppIcon;
				CODE_SIGN_STYLE = Automatic;
				DEVELOPMENT_TEAM = FB738WNHPF;
				INFOPLIST_FILE = iOSDemo/Info.plist;
				LD_RUNPATH_SEARCH_PATHS = (
					"$(inherited)",
					"@executable_path/Frameworks",
				);
				PRODUCT_BUNDLE_IDENTIFIER = com.kumapower.iOSDemo;
				PRODUCT_NAME = "$(TARGET_NAME)";
				TARGETED_DEVICE_FAMILY = "1,2";
			};
			name = Release;
		};
		32EFC25623CEB1740075A55C /* Debug */ = {
			isa = XCBuildConfiguration;
			baseConfigurationReference = 8CADF3C011BF319F9FE2E035 /* Pods-iOSDemoTests.debug.xcconfig */;
			buildSettings = {
				BUNDLE_LOADER = "$(TEST_HOST)";
				CODE_SIGN_STYLE = Automatic;
				DEVELOPMENT_TEAM = FB738WNHPF;
				INFOPLIST_FILE = iOSDemoTests/Info.plist;
				IPHONEOS_DEPLOYMENT_TARGET = 13.2;
				LD_RUNPATH_SEARCH_PATHS = (
					"$(inherited)",
					"@executable_path/Frameworks",
					"@loader_path/Frameworks",
				);
				PRODUCT_BUNDLE_IDENTIFIER = com.kumapower.iOSDemoTests;
				PRODUCT_NAME = "$(TARGET_NAME)";
				TARGETED_DEVICE_FAMILY = "1,2";
				TEST_HOST = "$(BUILT_PRODUCTS_DIR)/iOSDemo.app/iOSDemo";
			};
			name = Debug;
		};
		32EFC25723CEB1740075A55C /* Release */ = {
			isa = XCBuildConfiguration;
			baseConfigurationReference = C73E51AD866369EE754F8777 /* Pods-iOSDemoTests.release.xcconfig */;
			buildSettings = {
				BUNDLE_LOADER = "$(TEST_HOST)";
				CODE_SIGN_STYLE = Automatic;
				DEVELOPMENT_TEAM = FB738WNHPF;
				INFOPLIST_FILE = iOSDemoTests/Info.plist;
				IPHONEOS_DEPLOYMENT_TARGET = 13.2;
				LD_RUNPATH_SEARCH_PATHS = (
					"$(inherited)",
					"@executable_path/Frameworks",
					"@loader_path/Frameworks",
				);
				PRODUCT_BUNDLE_IDENTIFIER = com.kumapower.iOSDemoTests;
				PRODUCT_NAME = "$(TARGET_NAME)";
				TARGETED_DEVICE_FAMILY = "1,2";
				TEST_HOST = "$(BUILT_PRODUCTS_DIR)/iOSDemo.app/iOSDemo";
			};
			name = Release;
		};
		32EFC25923CEB1740075A55C /* Debug */ = {
			isa = XCBuildConfiguration;
			baseConfigurationReference = 13D3AB9AE0389F77D1E99BC0 /* Pods-iOSDemo-iOSDemoUITests.debug.xcconfig */;
			buildSettings = {
				CODE_SIGN_STYLE = Automatic;
				DEVELOPMENT_TEAM = FB738WNHPF;
				INFOPLIST_FILE = iOSDemoUITests/Info.plist;
				LD_RUNPATH_SEARCH_PATHS = (
					"$(inherited)",
					"@executable_path/Frameworks",
					"@loader_path/Frameworks",
				);
				PRODUCT_BUNDLE_IDENTIFIER = com.kumapower.iOSDemoUITests;
				PRODUCT_NAME = "$(TARGET_NAME)";
				TARGETED_DEVICE_FAMILY = "1,2";
				TEST_TARGET_NAME = iOSDemo;
			};
			name = Debug;
		};
		32EFC25A23CEB1740075A55C /* Release */ = {
			isa = XCBuildConfiguration;
			baseConfigurationReference = 1E888215D692220EE3790A9A /* Pods-iOSDemo-iOSDemoUITests.release.xcconfig */;
			buildSettings = {
				CODE_SIGN_STYLE = Automatic;
				DEVELOPMENT_TEAM = FB738WNHPF;
				INFOPLIST_FILE = iOSDemoUITests/Info.plist;
				LD_RUNPATH_SEARCH_PATHS = (
					"$(inherited)",
					"@executable_path/Frameworks",
					"@loader_path/Frameworks",
				);
				PRODUCT_BUNDLE_IDENTIFIER = com.kumapower.iOSDemoUITests;
				PRODUCT_NAME = "$(TARGET_NAME)";
				TARGETED_DEVICE_FAMILY = "1,2";
				TEST_TARGET_NAME = iOSDemo;
			};
			name = Release;
		};
/* End XCBuildConfiguration section */

/* Begin XCConfigurationList section */
		32EFC21E23CEB1710075A55C /* Build configuration list for PBXProject "iOSDemo" */ = {
			isa = XCConfigurationList;
			buildConfigurations = (
				32EFC25023CEB1740075A55C /* Debug */,
				32EFC25123CEB1740075A55C /* Release */,
			);
			defaultConfigurationIsVisible = 0;
			defaultConfigurationName = Release;
		};
		32EFC25223CEB1740075A55C /* Build configuration list for PBXNativeTarget "iOSDemo" */ = {
			isa = XCConfigurationList;
			buildConfigurations = (
				32EFC25323CEB1740075A55C /* Debug */,
				32EFC25423CEB1740075A55C /* Release */,
			);
			defaultConfigurationIsVisible = 0;
			defaultConfigurationName = Release;
		};
		32EFC25523CEB1740075A55C /* Build configuration list for PBXNativeTarget "iOSDemoTests" */ = {
			isa = XCConfigurationList;
			buildConfigurations = (
				32EFC25623CEB1740075A55C /* Debug */,
				32EFC25723CEB1740075A55C /* Release */,
			);
			defaultConfigurationIsVisible = 0;
			defaultConfigurationName = Release;
		};
		32EFC25823CEB1740075A55C /* Build configuration list for PBXNativeTarget "iOSDemoUITests" */ = {
			isa = XCConfigurationList;
			buildConfigurations = (
				32EFC25923CEB1740075A55C /* Debug */,
				32EFC25A23CEB1740075A55C /* Release */,
			);
			defaultConfigurationIsVisible = 0;
			defaultConfigurationName = Release;
		};
/* End XCConfigurationList section */
	};
	rootObject = 32EFC21B23CEB1710075A55C /* Project object */;
}
